// !$*UTF8*$!
{
	archiveVersion = 1;
	classes = {
	};
	objectVersion = 50;
	objects = {

/* Begin PBXBuildFile section */
		373AA4B126EF6F78007A556C /* AppDelegate.swift in Sources */ = {isa = PBXBuildFile; fileRef = 373AA4B026EF6F78007A556C /* AppDelegate.swift */; };
		373AA4B326EF6F78007A556C /* SceneDelegate.swift in Sources */ = {isa = PBXBuildFile; fileRef = 373AA4B226EF6F78007A556C /* SceneDelegate.swift */; };
		373AA4B526EF6F78007A556C /* SignUpViewController.swift in Sources */ = {isa = PBXBuildFile; fileRef = 373AA4B426EF6F78007A556C /* SignUpViewController.swift */; };
		373AA4BA26EF6F7B007A556C /* Assets.xcassets in Resources */ = {isa = PBXBuildFile; fileRef = 373AA4B926EF6F7B007A556C /* Assets.xcassets */; };
		373AA4C526EF73CD007A556C /* Variable.swift in Sources */ = {isa = PBXBuildFile; fileRef = 373AA4C426EF73CD007A556C /* Variable.swift */; };
		373AA4C726EF7EC7007A556C /* LaunchScreen.storyboard in Resources */ = {isa = PBXBuildFile; fileRef = 373AA4C626EF7EC7007A556C /* LaunchScreen.storyboard */; };
		373AA4C926F05712007A556C /* UIViewControllerExtensions.swift in Sources */ = {isa = PBXBuildFile; fileRef = 373AA4C826F05712007A556C /* UIViewControllerExtensions.swift */; };
		373AA4CB26F05756007A556C /* Other Extentions.swift in Sources */ = {isa = PBXBuildFile; fileRef = 373AA4CA26F05756007A556C /* Other Extentions.swift */; };
		373AA4CE26F0B9E4007A556C /* SignUpView.swift in Sources */ = {isa = PBXBuildFile; fileRef = 373AA4CD26F0B9E4007A556C /* SignUpView.swift */; };
/* End PBXBuildFile section */

/* Begin PBXFileReference section */
		373AA4AD26EF6F78007A556C /* SignInFrames.app */ = {isa = PBXFileReference; explicitFileType = wrapper.application; includeInIndex = 0; path = SignInFrames.app; sourceTree = BUILT_PRODUCTS_DIR; };
		373AA4B026EF6F78007A556C /* AppDelegate.swift */ = {isa = PBXFileReference; lastKnownFileType = sourcecode.swift; path = AppDelegate.swift; sourceTree = "<group>"; };
		373AA4B226EF6F78007A556C /* SceneDelegate.swift */ = {isa = PBXFileReference; lastKnownFileType = sourcecode.swift; path = SceneDelegate.swift; sourceTree = "<group>"; };
		373AA4B426EF6F78007A556C /* SignUpViewController.swift */ = {isa = PBXFileReference; lastKnownFileType = sourcecode.swift; path = SignUpViewController.swift; sourceTree = "<group>"; };
		373AA4B926EF6F7B007A556C /* Assets.xcassets */ = {isa = PBXFileReference; lastKnownFileType = folder.assetcatalog; path = Assets.xcassets; sourceTree = "<group>"; };
		373AA4BE26EF6F7B007A556C /* Info.plist */ = {isa = PBXFileReference; lastKnownFileType = text.plist.xml; path = Info.plist; sourceTree = "<group>"; };
		373AA4C426EF73CD007A556C /* Variable.swift */ = {isa = PBXFileReference; lastKnownFileType = sourcecode.swift; path = Variable.swift; sourceTree = "<group>"; };
		373AA4C626EF7EC7007A556C /* LaunchScreen.storyboard */ = {isa = PBXFileReference; fileEncoding = 4; lastKnownFileType = file.storyboard; path = LaunchScreen.storyboard; sourceTree = "<group>"; };
		373AA4C826F05712007A556C /* UIViewControllerExtensions.swift */ = {isa = PBXFileReference; fileEncoding = 4; lastKnownFileType = sourcecode.swift; path = UIViewControllerExtensions.swift; sourceTree = "<group>"; };
		373AA4CA26F05756007A556C /* Other Extentions.swift */ = {isa = PBXFileReference; fileEncoding = 4; lastKnownFileType = sourcecode.swift; path = "Other Extentions.swift"; sourceTree = "<group>"; };
		373AA4CD26F0B9E4007A556C /* SignUpView.swift */ = {isa = PBXFileReference; lastKnownFileType = sourcecode.swift; path = SignUpView.swift; sourceTree = "<group>"; };
/* End PBXFileReference section */

/* Begin PBXFrameworksBuildPhase section */
		373AA4AA26EF6F78007A556C /* Frameworks */ = {
			isa = PBXFrameworksBuildPhase;
			buildActionMask = 2147483647;
			files = (
			);
			runOnlyForDeploymentPostprocessing = 0;
		};
/* End PBXFrameworksBuildPhase section */

/* Begin PBXGroup section */
		373AA4A426EF6F78007A556C = {
			isa = PBXGroup;
			children = (
				373AA4AF26EF6F78007A556C /* SignInFrames */,
				373AA4AE26EF6F78007A556C /* Products */,
			);
			sourceTree = "<group>";
		};
		373AA4AE26EF6F78007A556C /* Products */ = {
			isa = PBXGroup;
			children = (
				373AA4AD26EF6F78007A556C /* SignInFrames.app */,
			);
			name = Products;
			sourceTree = "<group>";
		};
		373AA4AF26EF6F78007A556C /* SignInFrames */ = {
			isa = PBXGroup;
			children = (
				373AA4CC26F0B9C7007A556C /* SignUpScreen */,
				373AA4C826F05712007A556C /* UIViewControllerExtensions.swift */,
				373AA4CA26F05756007A556C /* Other Extentions.swift */,
				373AA4B926EF6F7B007A556C /* Assets.xcassets */,
				373AA4B026EF6F78007A556C /* AppDelegate.swift */,
				373AA4B226EF6F78007A556C /* SceneDelegate.swift */,
				373AA4C626EF7EC7007A556C /* LaunchScreen.storyboard */,
				373AA4BE26EF6F7B007A556C /* Info.plist */,
				373AA4C426EF73CD007A556C /* Variable.swift */,
			);
			path = SignInFrames;
			sourceTree = "<group>";
		};
		373AA4CC26F0B9C7007A556C /* SignUpScreen */ = {
			isa = PBXGroup;
			children = (
				373AA4B426EF6F78007A556C /* SignUpViewController.swift */,
				373AA4CD26F0B9E4007A556C /* SignUpView.swift */,
			);
			path = SignUpScreen;
			sourceTree = "<group>";
		};
/* End PBXGroup section */

/* Begin PBXNativeTarget section */
		373AA4AC26EF6F78007A556C /* SignInFrames */ = {
			isa = PBXNativeTarget;
			buildConfigurationList = 373AA4C126EF6F7B007A556C /* Build configuration list for PBXNativeTarget "SignInFrames" */;
			buildPhases = (
				373AA4A926EF6F78007A556C /* Sources */,
				373AA4AA26EF6F78007A556C /* Frameworks */,
				373AA4AB26EF6F78007A556C /* Resources */,
			);
			buildRules = (
			);
			dependencies = (
			);
			name = SignInFrames;
			productName = SignInFrames;
			productReference = 373AA4AD26EF6F78007A556C /* SignInFrames.app */;
			productType = "com.apple.product-type.application";
		};
/* End PBXNativeTarget section */

/* Begin PBXProject section */
		373AA4A526EF6F78007A556C /* Project object */ = {
			isa = PBXProject;
			attributes = {
				LastSwiftUpdateCheck = 1250;
				LastUpgradeCheck = 1250;
				TargetAttributes = {
					373AA4AC26EF6F78007A556C = {
						CreatedOnToolsVersion = 12.5.1;
					};
				};
			};
			buildConfigurationList = 373AA4A826EF6F78007A556C /* Build configuration list for PBXProject "SignInFrames" */;
			compatibilityVersion = "Xcode 9.3";
			developmentRegion = en;
			hasScannedForEncodings = 0;
			knownRegions = (
				en,
				Base,
			);
			mainGroup = 373AA4A426EF6F78007A556C;
			productRefGroup = 373AA4AE26EF6F78007A556C /* Products */;
			projectDirPath = "";
			projectRoot = "";
			targets = (
				373AA4AC26EF6F78007A556C /* SignInFrames */,
			);
		};
/* End PBXProject section */

/* Begin PBXResourcesBuildPhase section */
		373AA4AB26EF6F78007A556C /* Resources */ = {
			isa = PBXResourcesBuildPhase;
			buildActionMask = 2147483647;
			files = (
				373AA4C726EF7EC7007A556C /* LaunchScreen.storyboard in Resources */,
				373AA4BA26EF6F7B007A556C /* Assets.xcassets in Resources */,
			);
			runOnlyForDeploymentPostprocessing = 0;
		};
/* End PBXResourcesBuildPhase section */

/* Begin PBXSourcesBuildPhase section */
		373AA4A926EF6F78007A556C /* Sources */ = {
			isa = PBXSourcesBuildPhase;
			buildActionMask = 2147483647;
			files = (
				373AA4B526EF6F78007A556C /* SignUpViewController.swift in Sources */,
				373AA4B126EF6F78007A556C /* AppDelegate.swift in Sources */,
				373AA4C926F05712007A556C /* UIViewControllerExtensions.swift in Sources */,
				373AA4CE26F0B9E4007A556C /* SignUpView.swift in Sources */,
				373AA4CB26F05756007A556C /* Other Extentions.swift in Sources */,
				373AA4B326EF6F78007A556C /* SceneDelegate.swift in Sources */,
				373AA4C526EF73CD007A556C /* Variable.swift in Sources */,
			);
			runOnlyForDeploymentPostprocessing = 0;
		};
/* End PBXSourcesBuildPhase section */

/* Begin XCBuildConfiguration section */
		373AA4BF26EF6F7B007A556C /* Debug */ = {
			isa = XCBuildConfiguration;
			buildSettings = {
				ALWAYS_SEARCH_USER_PATHS = NO;
				CLANG_ANALYZER_NONNULL = YES;
				CLANG_ANALYZER_NUMBER_OBJECT_CONVERSION = YES_AGGRESSIVE;
				CLANG_CXX_LANGUAGE_STANDARD = "gnu++14";
				CLANG_CXX_LIBRARY = "libc++";
				CLANG_ENABLE_MODULES = YES;
				CLANG_ENABLE_OBJC_ARC = YES;
				CLANG_ENABLE_OBJC_WEAK = YES;
				CLANG_WARN_BLOCK_CAPTURE_AUTORELEASING = YES;
				CLANG_WARN_BOOL_CONVERSION = YES;
				CLANG_WARN_COMMA = YES;
				CLANG_WARN_CONSTANT_CONVERSION = YES;
				CLANG_WARN_DEPRECATED_OBJC_IMPLEMENTATIONS = YES;
				CLANG_WARN_DIRECT_OBJC_ISA_USAGE = YES_ERROR;
				CLANG_WARN_DOCUMENTATION_COMMENTS = YES;
				CLANG_WARN_EMPTY_BODY = YES;
				CLANG_WARN_ENUM_CONVERSION = YES;
				CLANG_WARN_INFINITE_RECURSION = YES;
				CLANG_WARN_INT_CONVERSION = YES;
				CLANG_WARN_NON_LITERAL_NULL_CONVERSION = YES;
				CLANG_WARN_OBJC_IMPLICIT_RETAIN_SELF = YES;
				CLANG_WARN_OBJC_LITERAL_CONVERSION = YES;
				CLANG_WARN_OBJC_ROOT_CLASS = YES_ERROR;
				CLANG_WARN_QUOTED_INCLUDE_IN_FRAMEWORK_HEADER = YES;
				CLANG_WARN_RANGE_LOOP_ANALYSIS = YES;
				CLANG_WARN_STRICT_PROTOTYPES = YES;
				CLANG_WARN_SUSPICIOUS_MOVE = YES;
				CLANG_WARN_UNGUARDED_AVAILABILITY = YES_AGGRESSIVE;
				CLANG_WARN_UNREACHABLE_CODE = YES;
				CLANG_WARN__DUPLICATE_METHOD_MATCH = YES;
				COPY_PHASE_STRIP = NO;
				DEBUG_INFORMATION_FORMAT = dwarf;
				ENABLE_STRICT_OBJC_MSGSEND = YES;
				ENABLE_TESTABILITY = YES;
				GCC_C_LANGUAGE_STANDARD = gnu11;
				GCC_DYNAMIC_NO_PIC = NO;
				GCC_NO_COMMON_BLOCKS = YES;
				GCC_OPTIMIZATION_LEVEL = 0;
				GCC_PREPROCESSOR_DEFINITIONS = (
					"DEBUG=1",
					"$(inherited)",
				);
				GCC_WARN_64_TO_32_BIT_CONVERSION = YES;
				GCC_WARN_ABOUT_RETURN_TYPE = YES_ERROR;
				GCC_WARN_UNDECLARED_SELECTOR = YES;
				GCC_WARN_UNINITIALIZED_AUTOS = YES_AGGRESSIVE;
				GCC_WARN_UNUSED_FUNCTION = YES;
				GCC_WARN_UNUSED_VARIABLE = YES;
				IPHONEOS_DEPLOYMENT_TARGET = 14.5;
				MTL_ENABLE_DEBUG_INFO = INCLUDE_SOURCE;
				MTL_FAST_MATH = YES;
				ONLY_ACTIVE_ARCH = YES;
				SDKROOT = iphoneos;
				SWIFT_ACTIVE_COMPILATION_CONDITIONS = DEBUG;
				SWIFT_OPTIMIZATION_LEVEL = "-Onone";
			};
			name = Debug;
		};
		373AA4C026EF6F7B007A556C /* Release */ = {
			isa = XCBuildConfiguration;
			buildSettings = {
				ALWAYS_SEARCH_USER_PATHS = NO;
				CLANG_ANALYZER_NONNULL = YES;
				CLANG_ANALYZER_NUMBER_OBJECT_CONVERSION = YES_AGGRESSIVE;
				CLANG_CXX_LANGUAGE_STANDARD = "gnu++14";
				CLANG_CXX_LIBRARY = "libc++";
				CLANG_ENABLE_MODULES = YES;
				CLANG_ENABLE_OBJC_ARC = YES;
				CLANG_ENABLE_OBJC_WEAK = YES;
				CLANG_WARN_BLOCK_CAPTURE_AUTORELEASING = YES;
				CLANG_WARN_BOOL_CONVERSION = YES;
				CLANG_WARN_COMMA = YES;
				CLANG_WARN_CONSTANT_CONVERSION = YES;
				CLANG_WARN_DEPRECATED_OBJC_IMPLEMENTATIONS = YES;
				CLANG_WARN_DIRECT_OBJC_ISA_USAGE = YES_ERROR;
				CLANG_WARN_DOCUMENTATION_COMMENTS = YES;
				CLANG_WARN_EMPTY_BODY = YES;
				CLANG_WARN_ENUM_CONVERSION = YES;
				CLANG_WARN_INFINITE_RECURSION = YES;
				CLANG_WARN_INT_CONVERSION = YES;
				CLANG_WARN_NON_LITERAL_NULL_CONVERSION = YES;
				CLANG_WARN_OBJC_IMPLICIT_RETAIN_SELF = YES;
				CLANG_WARN_OBJC_LITERAL_CONVERSION = YES;
				CLANG_WARN_OBJC_ROOT_CLASS = YES_ERROR;
				CLANG_WARN_QUOTED_INCLUDE_IN_FRAMEWORK_HEADER = YES;
				CLANG_WARN_RANGE_LOOP_ANALYSIS = YES;
				CLANG_WARN_STRICT_PROTOTYPES = YES;
				CLANG_WARN_SUSPICIOUS_MOVE = YES;
				CLANG_WARN_UNGUARDED_AVAILABILITY = YES_AGGRESSIVE;
				CLANG_WARN_UNREACHABLE_CODE = YES;
				CLANG_WARN__DUPLICATE_METHOD_MATCH = YES;
				COPY_PHASE_STRIP = NO;
				DEBUG_INFORMATION_FORMAT = "dwarf-with-dsym";
				ENABLE_NS_ASSERTIONS = NO;
				ENABLE_STRICT_OBJC_MSGSEND = YES;
				GCC_C_LANGUAGE_STANDARD = gnu11;
				GCC_NO_COMMON_BLOCKS = YES;
				GCC_WARN_64_TO_32_BIT_CONVERSION = YES;
				GCC_WARN_ABOUT_RETURN_TYPE = YES_ERROR;
				GCC_WARN_UNDECLARED_SELECTOR = YES;
				GCC_WARN_UNINITIALIZED_AUTOS = YES_AGGRESSIVE;
				GCC_WARN_UNUSED_FUNCTION = YES;
				GCC_WARN_UNUSED_VARIABLE = YES;
				IPHONEOS_DEPLOYMENT_TARGET = 14.5;
				MTL_ENABLE_DEBUG_INFO = NO;
				MTL_FAST_MATH = YES;
				SDKROOT = iphoneos;
				SWIFT_COMPILATION_MODE = wholemodule;
				SWIFT_OPTIMIZATION_LEVEL = "-O";
				VALIDATE_PRODUCT = YES;
			};
			name = Release;
		};
		373AA4C226EF6F7B007A556C /* Debug */ = {
			isa = XCBuildConfiguration;
			buildSettings = {
				ASSETCATALOG_COMPILER_APPICON_NAME = AppIcon;
				ASSETCATALOG_COMPILER_GLOBAL_ACCENT_COLOR_NAME = AccentColor;
				CODE_SIGN_STYLE = Automatic;
				DEVELOPMENT_TEAM = 5Q5QZZ9XSR;
				INFOPLIST_FILE = SignInFrames/Info.plist;
				IPHONEOS_DEPLOYMENT_TARGET = 13.0;
				LD_RUNPATH_SEARCH_PATHS = (
					"$(inherited)",
					"@executable_path/Frameworks",
				);
				PRODUCT_BUNDLE_IDENTIFIER = boyko.gri.SignInFrames;
				PRODUCT_NAME = "$(TARGET_NAME)";
				SWIFT_VERSION = 5.0;
				TARGETED_DEVICE_FAMILY = 1;
			};
			name = Debug;
		};
		373AA4C326EF6F7B007A556C /* Release */ = {
			isa = XCBuildConfiguration;
			buildSettings = {
				ASSETCATALOG_COMPILER_APPICON_NAME = AppIcon;
				ASSETCATALOG_COMPILER_GLOBAL_ACCENT_COLOR_NAME = AccentColor;
				CODE_SIGN_STYLE = Automatic;
				DEVELOPMENT_TEAM = 5Q5QZZ9XSR;
				INFOPLIST_FILE = SignInFrames/Info.plist;
				IPHONEOS_DEPLOYMENT_TARGET = 13.0;
				LD_RUNPATH_SEARCH_PATHS = (
					"$(inherited)",
					"@executable_path/Frameworks",
				);
				PRODUCT_BUNDLE_IDENTIFIER = boyko.gri.SignInFrames;
				PRODUCT_NAME = "$(TARGET_NAME)";
				SWIFT_VERSION = 5.0;
				TARGETED_DEVICE_FAMILY = 1;
			};
			name = Release;
		};
/* End XCBuildConfiguration section */

/* Begin XCConfigurationList section */
		373AA4A826EF6F78007A556C /* Build configuration list for PBXProject "SignInFrames" */ = {
			isa = XCConfigurationList;
			buildConfigurations = (
				373AA4BF26EF6F7B007A556C /* Debug */,
				373AA4C026EF6F7B007A556C /* Release */,
			);
			defaultConfigurationIsVisible = 0;
			defaultConfigurationName = Release;
		};
		373AA4C126EF6F7B007A556C /* Build configuration list for PBXNativeTarget "SignInFrames" */ = {
			isa = XCConfigurationList;
			buildConfigurations = (
				373AA4C226EF6F7B007A556C /* Debug */,
				373AA4C326EF6F7B007A556C /* Release */,
			);
			defaultConfigurationIsVisible = 0;
			defaultConfigurationName = Release;
		};
/* End XCConfigurationList section */
	};
	rootObject = 373AA4A526EF6F78007A556C /* Project object */;
}
